
Microsoft Visual Studio Solution File, Format Version 12.00
# Visual Studio Version 17
VisualStudioVersion = 17.4.33110.190
MinimumVisualStudioVersion = 10.0.40219.1
Project("{FAE04EC0-301F-11D3-BF4B-00C04F79EFBC}") = "Calculator", "Calculator\Calculator.csproj", "{A060D39A-9071-4EF2-9DED-9110BE5601C9}"
EndProject
Global
	GlobalSection(SolutionConfigurationPlatforms) = preSolution
		Debug|Any CPU = Debug|Any CPU
		Release|Any CPU = Release|Any CPU
	EndGlobalSection
	GlobalSection(ProjectConfigurationPlatforms) = postSolution
		{A060D39A-9071-4EF2-9DED-9110BE5601C9}.Debug|Any CPU.ActiveCfg = Debug|Any CPU
		{A060D39A-9071-4EF2-9DED-9110BE5601C9}.Debug|Any CPU.Build.0 = Debug|Any CPU
		{A060D39A-9071-4EF2-9DED-9110BE5601C9}.Release|Any CPU.ActiveCfg = Release|Any CPU
		{A060D39A-9071-4EF2-9DED-9110BE5601C9}.Release|Any CPU.Build.0 = Release|Any CPU
	EndGlobalSection
	GlobalSection(SolutionProperties) = preSolution
		HideSolutionNode = FALSE
	EndGlobalSection
	GlobalSection(ExtensibilityGlobals) = postSolution
		SolutionGuid = {7483A949-E5DF-4FD0-A126-EC97DD981731}
	EndGlobalSection
EndGlobal
